
Microsoft Visual Studio Solution File, Format Version 12.00
# Visual Studio Version 17
VisualStudioVersion = 17.14.36408.4
MinimumVisualStudioVersion = 10.0.40219.1
Project("{FAE04EC0-301F-11D3-BF4B-00C04F79EFBC}") = "Middleman", "Middleman\Middleman.csproj", "{6C0845E7-8F6B-4002-8AF4-D5FA1C832CDB}"
EndProject
Project("{FAE04EC0-301F-11D3-BF4B-00C04F79EFBC}") = "Middleman.Tests", "Middleman.Tests\Middleman.Tests.csproj", "{AA6B9172-858F-4FB4-989A-901E23C2E510}"
EndProject
Global
	GlobalSection(SolutionConfigurationPlatforms) = preSolution
		Debug|Any CPU = Debug|Any CPU
		Release|Any CPU = Release|Any CPU
	EndGlobalSection
	GlobalSection(ProjectConfigurationPlatforms) = postSolution
		{6C0845E7-8F6B-4002-8AF4-D5FA1C832CDB}.Debug|Any CPU.ActiveCfg = Debug|Any CPU
		{6C0845E7-8F6B-4002-8AF4-D5FA1C832CDB}.Debug|Any CPU.Build.0 = Debug|Any CPU
		{6C0845E7-8F6B-4002-8AF4-D5FA1C832CDB}.Release|Any CPU.ActiveCfg = Release|Any CPU
		{6C0845E7-8F6B-4002-8AF4-D5FA1C832CDB}.Release|Any CPU.Build.0 = Release|Any CPU
		{AA6B9172-858F-4FB4-989A-901E23C2E510}.Debug|Any CPU.ActiveCfg = Debug|Any CPU
		{AA6B9172-858F-4FB4-989A-901E23C2E510}.Debug|Any CPU.Build.0 = Debug|Any CPU
		{AA6B9172-858F-4FB4-989A-901E23C2E510}.Release|Any CPU.ActiveCfg = Release|Any CPU
		{AA6B9172-858F-4FB4-989A-901E23C2E510}.Release|Any CPU.Build.0 = Release|Any CPU
	EndGlobalSection
	GlobalSection(SolutionProperties) = preSolution
		HideSolutionNode = FALSE
	EndGlobalSection
	GlobalSection(ExtensibilityGlobals) = postSolution
		SolutionGuid = {27140107-DE7D-43CE-B239-17924437B586}
	EndGlobalSection
EndGlobal
